
Microsoft Visual Studio Solution File, Format Version 12.00
# Visual Studio Version 17
VisualStudioVersion = 17.5.33502.453
MinimumVisualStudioVersion = 10.0.40219.1
Project("{FAE04EC0-301F-11D3-BF4B-00C04F79EFBC}") = "HumanCapitalManagment", "HumanCapitalManagment\HumanCapitalManagment.csproj", "{91C5E693-7CEA-4995-BD59-B409C78A22D6}"
EndProject
Global
	GlobalSection(SolutionConfigurationPlatforms) = preSolution
		Debug|Any CPU = Debug|Any CPU
		Release|Any CPU = Release|Any CPU
	EndGlobalSection
	GlobalSection(ProjectConfigurationPlatforms) = postSolution
		{91C5E693-7CEA-4995-BD59-B409C78A22D6}.Debug|Any CPU.ActiveCfg = Debug|Any CPU
		{91C5E693-7CEA-4995-BD59-B409C78A22D6}.Debug|Any CPU.Build.0 = Debug|Any CPU
		{91C5E693-7CEA-4995-BD59-B409C78A22D6}.Release|Any CPU.ActiveCfg = Release|Any CPU
		{91C5E693-7CEA-4995-BD59-B409C78A22D6}.Release|Any CPU.Build.0 = Release|Any CPU
	EndGlobalSection
	GlobalSection(SolutionProperties) = preSolution
		HideSolutionNode = FALSE
	EndGlobalSection
	GlobalSection(ExtensibilityGlobals) = postSolution
		SolutionGuid = {91F0E6FB-D390-45FA-8203-0050EFB5615B}
	EndGlobalSection
EndGlobal
